
Microsoft Visual Studio Solution File, Format Version 12.00
# Visual Studio Version 17
VisualStudioVersion = 17.14.36518.9 d17.14
MinimumVisualStudioVersion = 10.0.40219.1
Project("{FAE04EC0-301F-11D3-BF4B-00C04F79EFBC}") = "OnlineShopping", "OnlineShopping.csproj", "{062B93FE-6B09-4582-9FB8-C42AB4B67DBA}"
EndProject
Global
	GlobalSection(SolutionConfigurationPlatforms) = preSolution
		Debug|Any CPU = Debug|Any CPU
		Release|Any CPU = Release|Any CPU
	EndGlobalSection
	GlobalSection(ProjectConfigurationPlatforms) = postSolution
		{062B93FE-6B09-4582-9FB8-C42AB4B67DBA}.Debug|Any CPU.ActiveCfg = Debug|Any CPU
		{062B93FE-6B09-4582-9FB8-C42AB4B67DBA}.Debug|Any CPU.Build.0 = Debug|Any CPU
		{062B93FE-6B09-4582-9FB8-C42AB4B67DBA}.Release|Any CPU.ActiveCfg = Release|Any CPU
		{062B93FE-6B09-4582-9FB8-C42AB4B67DBA}.Release|Any CPU.Build.0 = Release|Any CPU
	EndGlobalSection
	GlobalSection(SolutionProperties) = preSolution
		HideSolutionNode = FALSE
	EndGlobalSection
	GlobalSection(ExtensibilityGlobals) = postSolution
		SolutionGuid = {50807D60-81FD-4B3E-B35A-46E0A190B15A}
	EndGlobalSection
EndGlobal
